// !$*UTF8*$!
{
	archiveVersion = 1;
	classes = {
	};
	objectVersion = 56;
	objects = {

/* Begin PBXBuildFile section */
		D605694B2997AAD400BD274F /* recipes.json in Resources */ = {isa = PBXBuildFile; fileRef = D605694A2997AAD400BD274F /* recipes.json */; };
		D605694D2997B1AD00BD274F /* Recipe.swift in Sources */ = {isa = PBXBuildFile; fileRef = D605694C2997B1AD00BD274F /* Recipe.swift */; };
		D605694F2997B40A00BD274F /* RecipeModel.swift in Sources */ = {isa = PBXBuildFile; fileRef = D605694E2997B40A00BD274F /* RecipeModel.swift */; };
		D60569512997B57C00BD274F /* DataService.swift in Sources */ = {isa = PBXBuildFile; fileRef = D60569502997B57C00BD274F /* DataService.swift */; };
		D60569532997F9D800BD274F /* RecipeDetailView.swift in Sources */ = {isa = PBXBuildFile; fileRef = D60569522997F9D800BD274F /* RecipeDetailView.swift */; };
		D6190F0A2992AF3C004CF062 /* Recipe_List_App.swift in Sources */ = {isa = PBXBuildFile; fileRef = D6190F092992AF3C004CF062 /* Recipe_List_App.swift */; };
		D6190F0C2992AF3C004CF062 /* RecipeListView.swift in Sources */ = {isa = PBXBuildFile; fileRef = D6190F0B2992AF3C004CF062 /* RecipeListView.swift */; };
		D6190F0E2992AF3D004CF062 /* Assets.xcassets in Resources */ = {isa = PBXBuildFile; fileRef = D6190F0D2992AF3D004CF062 /* Assets.xcassets */; };
		D6190F112992AF3D004CF062 /* Preview Assets.xcassets in Resources */ = {isa = PBXBuildFile; fileRef = D6190F102992AF3D004CF062 /* Preview Assets.xcassets */; };
		D64418E129A5199300ED92FE /* RecipeHighlights.swift in Sources */ = {isa = PBXBuildFile; fileRef = D64418E029A5199300ED92FE /* RecipeHighlights.swift */; };
		D674A63D29A4129200EC979B /* Rational.swift in Sources */ = {isa = PBXBuildFile; fileRef = D674A63C29A4129200EC979B /* Rational.swift */; };
		D6EC1B5B299D412C00D8063C /* RecipeTabView.swift in Sources */ = {isa = PBXBuildFile; fileRef = D6EC1B5A299D412C00D8063C /* RecipeTabView.swift */; };
		D6EC1B91299D852100D8063C /* Ingredient.swift in Sources */ = {isa = PBXBuildFile; fileRef = D6EC1B90299D852100D8063C /* Ingredient.swift */; };
		D6EC1B93299D898600D8063C /* RecipeFeaturedView.swift in Sources */ = {isa = PBXBuildFile; fileRef = D6EC1B92299D898600D8063C /* RecipeFeaturedView.swift */; };
/* End PBXBuildFile section */

/* Begin PBXFileReference section */
		D605694A2997AAD400BD274F /* recipes.json */ = {isa = PBXFileReference; fileEncoding = 4; lastKnownFileType = text.json; path = recipes.json; sourceTree = "<group>"; };
		D605694C2997B1AD00BD274F /* Recipe.swift */ = {isa = PBXFileReference; lastKnownFileType = sourcecode.swift; path = Recipe.swift; sourceTree = "<group>"; };
		D605694E2997B40A00BD274F /* RecipeModel.swift */ = {isa = PBXFileReference; lastKnownFileType = sourcecode.swift; path = RecipeModel.swift; sourceTree = "<group>"; };
		D60569502997B57C00BD274F /* DataService.swift */ = {isa = PBXFileReference; lastKnownFileType = sourcecode.swift; path = DataService.swift; sourceTree = "<group>"; };
		D60569522997F9D800BD274F /* RecipeDetailView.swift */ = {isa = PBXFileReference; lastKnownFileType = sourcecode.swift; path = RecipeDetailView.swift; sourceTree = "<group>"; };
		D6190F062992AF3C004CF062 /* Recipe List App.app */ = {isa = PBXFileReference; explicitFileType = wrapper.application; includeInIndex = 0; path = "Recipe List App.app"; sourceTree = BUILT_PRODUCTS_DIR; };
		D6190F092992AF3C004CF062 /* Recipe_List_App.swift */ = {isa = PBXFileReference; lastKnownFileType = sourcecode.swift; path = Recipe_List_App.swift; sourceTree = "<group>"; };
		D6190F0B2992AF3C004CF062 /* RecipeListView.swift */ = {isa = PBXFileReference; lastKnownFileType = sourcecode.swift; path = RecipeListView.swift; sourceTree = "<group>"; };
		D6190F0D2992AF3D004CF062 /* Assets.xcassets */ = {isa = PBXFileReference; lastKnownFileType = folder.assetcatalog; path = Assets.xcassets; sourceTree = "<group>"; };
		D6190F102992AF3D004CF062 /* Preview Assets.xcassets */ = {isa = PBXFileReference; lastKnownFileType = folder.assetcatalog; path = "Preview Assets.xcassets"; sourceTree = "<group>"; };
		D64418E029A5199300ED92FE /* RecipeHighlights.swift */ = {isa = PBXFileReference; lastKnownFileType = sourcecode.swift; path = RecipeHighlights.swift; sourceTree = "<group>"; };
		D674A63C29A4129200EC979B /* Rational.swift */ = {isa = PBXFileReference; fileEncoding = 4; lastKnownFileType = sourcecode.swift; path = Rational.swift; sourceTree = "<group>"; };
		D6EC1B5A299D412C00D8063C /* RecipeTabView.swift */ = {isa = PBXFileReference; lastKnownFileType = sourcecode.swift; path = RecipeTabView.swift; sourceTree = "<group>"; };
		D6EC1B90299D852100D8063C /* Ingredient.swift */ = {isa = PBXFileReference; lastKnownFileType = sourcecode.swift; path = Ingredient.swift; sourceTree = "<group>"; };
		D6EC1B92299D898600D8063C /* RecipeFeaturedView.swift */ = {isa = PBXFileReference; lastKnownFileType = sourcecode.swift; path = RecipeFeaturedView.swift; sourceTree = "<group>"; };
/* End PBXFileReference section */

/* Begin PBXFrameworksBuildPhase section */
		D6190F032992AF3C004CF062 /* Frameworks */ = {
			isa = PBXFrameworksBuildPhase;
			buildActionMask = 2147483647;
			files = (
			);
			runOnlyForDeploymentPostprocessing = 0;
		};
/* End PBXFrameworksBuildPhase section */

/* Begin PBXGroup section */
		D60569452997A95800BD274F /* Models */ = {
			isa = PBXGroup;
			children = (
				D605694C2997B1AD00BD274F /* Recipe.swift */,
				D6EC1B90299D852100D8063C /* Ingredient.swift */,
			);
			path = Models;
			sourceTree = "<group>";
		};
		D60569462997A96200BD274F /* Views */ = {
			isa = PBXGroup;
			children = (
				D6EC1B5A299D412C00D8063C /* RecipeTabView.swift */,
				D6EC1B92299D898600D8063C /* RecipeFeaturedView.swift */,
				D6190F0B2992AF3C004CF062 /* RecipeListView.swift */,
				D60569522997F9D800BD274F /* RecipeDetailView.swift */,
				D64418E029A5199300ED92FE /* RecipeHighlights.swift */,
			);
			path = Views;
			sourceTree = "<group>";
		};
		D60569472997A97600BD274F /* View Models */ = {
			isa = PBXGroup;
			children = (
				D605694E2997B40A00BD274F /* RecipeModel.swift */,
			);
			path = "View Models";
			sourceTree = "<group>";
		};
		D60569482997A9CA00BD274F /* Data */ = {
			isa = PBXGroup;
			children = (
				D605694A2997AAD400BD274F /* recipes.json */,
			);
			path = Data;
			sourceTree = "<group>";
		};
		D60569492997A9D100BD274F /* Services */ = {
			isa = PBXGroup;
			children = (
				D60569502997B57C00BD274F /* DataService.swift */,
			);
			path = Services;
			sourceTree = "<group>";
		};
		D6190EFD2992AF3C004CF062 = {
			isa = PBXGroup;
			children = (
				D6190F082992AF3C004CF062 /* Recipe List App */,
				D6190F072992AF3C004CF062 /* Products */,
			);
			sourceTree = "<group>";
		};
		D6190F072992AF3C004CF062 /* Products */ = {
			isa = PBXGroup;
			children = (
				D6190F062992AF3C004CF062 /* Recipe List App.app */,
			);
			name = Products;
			sourceTree = "<group>";
		};
		D6190F082992AF3C004CF062 /* Recipe List App */ = {
			isa = PBXGroup;
			children = (
				D6190F092992AF3C004CF062 /* Recipe_List_App.swift */,
				D60569452997A95800BD274F /* Models */,
				D60569462997A96200BD274F /* Views */,
				D60569472997A97600BD274F /* View Models */,
				D60569482997A9CA00BD274F /* Data */,
				D60569492997A9D100BD274F /* Services */,
				D674A63B29A4127D00EC979B /* Utilities */,
				D6190F0D2992AF3D004CF062 /* Assets.xcassets */,
				D6190F0F2992AF3D004CF062 /* Preview Content */,
			);
			path = "Recipe List App";
			sourceTree = "<group>";
		};
		D6190F0F2992AF3D004CF062 /* Preview Content */ = {
			isa = PBXGroup;
			children = (
				D6190F102992AF3D004CF062 /* Preview Assets.xcassets */,
			);
			path = "Preview Content";
			sourceTree = "<group>";
		};
		D674A63B29A4127D00EC979B /* Utilities */ = {
			isa = PBXGroup;
			children = (
				D674A63C29A4129200EC979B /* Rational.swift */,
			);
			path = Utilities;
			sourceTree = "<group>";
		};
/* End PBXGroup section */

/* Begin PBXNativeTarget section */
		D6190F052992AF3C004CF062 /* Recipe List App */ = {
			isa = PBXNativeTarget;
			buildConfigurationList = D6190F142992AF3D004CF062 /* Build configuration list for PBXNativeTarget "Recipe List App" */;
			buildPhases = (
				D6190F022992AF3C004CF062 /* Sources */,
				D6190F032992AF3C004CF062 /* Frameworks */,
				D6190F042992AF3C004CF062 /* Resources */,
			);
			buildRules = (
			);
			dependencies = (
			);
			name = "Recipe List App";
			productName = "Recipe List App";
			productReference = D6190F062992AF3C004CF062 /* Recipe List App.app */;
			productType = "com.apple.product-type.application";
		};
/* End PBXNativeTarget section */

/* Begin PBXProject section */
		D6190EFE2992AF3C004CF062 /* Project object */ = {
			isa = PBXProject;
			attributes = {
				BuildIndependentTargetsInParallel = 1;
				LastSwiftUpdateCheck = 1420;
				LastUpgradeCheck = 1420;
				TargetAttributes = {
					D6190F052992AF3C004CF062 = {
						CreatedOnToolsVersion = 14.2;
					};
				};
			};
			buildConfigurationList = D6190F012992AF3C004CF062 /* Build configuration list for PBXProject "Recipe List App" */;
			compatibilityVersion = "Xcode 14.0";
			developmentRegion = en;
			hasScannedForEncodings = 0;
			knownRegions = (
				en,
				Base,
			);
			mainGroup = D6190EFD2992AF3C004CF062;
			productRefGroup = D6190F072992AF3C004CF062 /* Products */;
			projectDirPath = "";
			projectRoot = "";
			targets = (
				D6190F052992AF3C004CF062 /* Recipe List App */,
			);
		};
/* End PBXProject section */

/* Begin PBXResourcesBuildPhase section */
		D6190F042992AF3C004CF062 /* Resources */ = {
			isa = PBXResourcesBuildPhase;
			buildActionMask = 2147483647;
			files = (
				D6190F112992AF3D004CF062 /* Preview Assets.xcassets in Resources */,
				D605694B2997AAD400BD274F /* recipes.json in Resources */,
				D6190F0E2992AF3D004CF062 /* Assets.xcassets in Resources */,
			);
			runOnlyForDeploymentPostprocessing = 0;
		};
/* End PBXResourcesBuildPhase section */

/* Begin PBXSourcesBuildPhase section */
		D6190F022992AF3C004CF062 /* Sources */ = {
			isa = PBXSourcesBuildPhase;
			buildActionMask = 2147483647;
			files = (
				D605694D2997B1AD00BD274F /* Recipe.swift in Sources */,
				D60569532997F9D800BD274F /* RecipeDetailView.swift in Sources */,
				D605694F2997B40A00BD274F /* RecipeModel.swift in Sources */,
				D6190F0C2992AF3C004CF062 /* RecipeListView.swift in Sources */,
				D6EC1B91299D852100D8063C /* Ingredient.swift in Sources */,
				D6EC1B93299D898600D8063C /* RecipeFeaturedView.swift in Sources */,
				D6190F0A2992AF3C004CF062 /* Recipe_List_App.swift in Sources */,
				D64418E129A5199300ED92FE /* RecipeHighlights.swift in Sources */,
				D674A63D29A4129200EC979B /* Rational.swift in Sources */,
				D60569512997B57C00BD274F /* DataService.swift in Sources */,
				D6EC1B5B299D412C00D8063C /* RecipeTabView.swift in Sources */,
			);
			runOnlyForDeploymentPostprocessing = 0;
		};
/* End PBXSourcesBuildPhase section */

/* Begin XCBuildConfiguration section */
		D6190F122992AF3D004CF062 /* Debug */ = {
			isa = XCBuildConfiguration;
			buildSettings = {
				ALWAYS_SEARCH_USER_PATHS = NO;
				CLANG_ANALYZER_NONNULL = YES;
				CLANG_ANALYZER_NUMBER_OBJECT_CONVERSION = YES_AGGRESSIVE;
				CLANG_CXX_LANGUAGE_STANDARD = "gnu++20";
				CLANG_ENABLE_MODULES = YES;
				CLANG_ENABLE_OBJC_ARC = YES;
				CLANG_ENABLE_OBJC_WEAK = YES;
				CLANG_WARN_BLOCK_CAPTURE_AUTORELEASING = YES;
				CLANG_WARN_BOOL_CONVERSION = YES;
				CLANG_WARN_COMMA = YES;
				CLANG_WARN_CONSTANT_CONVERSION = YES;
				CLANG_WARN_DEPRECATED_OBJC_IMPLEMENTATIONS = YES;
				CLANG_WARN_DIRECT_OBJC_ISA_USAGE = YES_ERROR;
				CLANG_WARN_DOCUMENTATION_COMMENTS = YES;
				CLANG_WARN_EMPTY_BODY = YES;
				CLANG_WARN_ENUM_CONVERSION = YES;
				CLANG_WARN_INFINITE_RECURSION = YES;
				CLANG_WARN_INT_CONVERSION = YES;
				CLANG_WARN_NON_LITERAL_NULL_CONVERSION = YES;
				CLANG_WARN_OBJC_IMPLICIT_RETAIN_SELF = YES;
				CLANG_WARN_OBJC_LITERAL_CONVERSION = YES;
				CLANG_WARN_OBJC_ROOT_CLASS = YES_ERROR;
				CLANG_WARN_QUOTED_INCLUDE_IN_FRAMEWORK_HEADER = YES;
				CLANG_WARN_RANGE_LOOP_ANALYSIS = YES;
				CLANG_WARN_STRICT_PROTOTYPES = YES;
				CLANG_WARN_SUSPICIOUS_MOVE = YES;
				CLANG_WARN_UNGUARDED_AVAILABILITY = YES_AGGRESSIVE;
				CLANG_WARN_UNREACHABLE_CODE = YES;
				CLANG_WARN__DUPLICATE_METHOD_MATCH = YES;
				COPY_PHASE_STRIP = NO;
				DEBUG_INFORMATION_FORMAT = dwarf;
				ENABLE_STRICT_OBJC_MSGSEND = YES;
				ENABLE_TESTABILITY = YES;
				GCC_C_LANGUAGE_STANDARD = gnu11;
				GCC_DYNAMIC_NO_PIC = NO;
				GCC_NO_COMMON_BLOCKS = YES;
				GCC_OPTIMIZATION_LEVEL = 0;
				GCC_PREPROCESSOR_DEFINITIONS = (
					"DEBUG=1",
					"$(inherited)",
				);
				GCC_WARN_64_TO_32_BIT_CONVERSION = YES;
				GCC_WARN_ABOUT_RETURN_TYPE = YES_ERROR;
				GCC_WARN_UNDECLARED_SELECTOR = YES;
				GCC_WARN_UNINITIALIZED_AUTOS = YES_AGGRESSIVE;
				GCC_WARN_UNUSED_FUNCTION = YES;
				GCC_WARN_UNUSED_VARIABLE = YES;
				IPHONEOS_DEPLOYMENT_TARGET = 16.2;
				MTL_ENABLE_DEBUG_INFO = INCLUDE_SOURCE;
				MTL_FAST_MATH = YES;
				ONLY_ACTIVE_ARCH = YES;
				SDKROOT = iphoneos;
				SWIFT_ACTIVE_COMPILATION_CONDITIONS = DEBUG;
				SWIFT_OPTIMIZATION_LEVEL = "-Onone";
			};
			name = Debug;
		};
		D6190F132992AF3D004CF062 /* Release */ = {
			isa = XCBuildConfiguration;
			buildSettings = {
				ALWAYS_SEARCH_USER_PATHS = NO;
				CLANG_ANALYZER_NONNULL = YES;
				CLANG_ANALYZER_NUMBER_OBJECT_CONVERSION = YES_AGGRESSIVE;
				CLANG_CXX_LANGUAGE_STANDARD = "gnu++20";
				CLANG_ENABLE_MODULES = YES;
				CLANG_ENABLE_OBJC_ARC = YES;
				CLANG_ENABLE_OBJC_WEAK = YES;
				CLANG_WARN_BLOCK_CAPTURE_AUTORELEASING = YES;
				CLANG_WARN_BOOL_CONVERSION = YES;
				CLANG_WARN_COMMA = YES;
				CLANG_WARN_CONSTANT_CONVERSION = YES;
				CLANG_WARN_DEPRECATED_OBJC_IMPLEMENTATIONS = YES;
				CLANG_WARN_DIRECT_OBJC_ISA_USAGE = YES_ERROR;
				CLANG_WARN_DOCUMENTATION_COMMENTS = YES;
				CLANG_WARN_EMPTY_BODY = YES;
				CLANG_WARN_ENUM_CONVERSION = YES;
				CLANG_WARN_INFINITE_RECURSION = YES;
				CLANG_WARN_INT_CONVERSION = YES;
				CLANG_WARN_NON_LITERAL_NULL_CONVERSION = YES;
				CLANG_WARN_OBJC_IMPLICIT_RETAIN_SELF = YES;
				CLANG_WARN_OBJC_LITERAL_CONVERSION = YES;
				CLANG_WARN_OBJC_ROOT_CLASS = YES_ERROR;
				CLANG_WARN_QUOTED_INCLUDE_IN_FRAMEWORK_HEADER = YES;
				CLANG_WARN_RANGE_LOOP_ANALYSIS = YES;
				CLANG_WARN_STRICT_PROTOTYPES = YES;
				CLANG_WARN_SUSPICIOUS_MOVE = YES;
				CLANG_WARN_UNGUARDED_AVAILABILITY = YES_AGGRESSIVE;
				CLANG_WARN_UNREACHABLE_CODE = YES;
				CLANG_WARN__DUPLICATE_METHOD_MATCH = YES;
				COPY_PHASE_STRIP = NO;
				DEBUG_INFORMATION_FORMAT = "dwarf-with-dsym";
				ENABLE_NS_ASSERTIONS = NO;
				ENABLE_STRICT_OBJC_MSGSEND = YES;
				GCC_C_LANGUAGE_STANDARD = gnu11;
				GCC_NO_COMMON_BLOCKS = YES;
				GCC_WARN_64_TO_32_BIT_CONVERSION = YES;
				GCC_WARN_ABOUT_RETURN_TYPE = YES_ERROR;
				GCC_WARN_UNDECLARED_SELECTOR = YES;
				GCC_WARN_UNINITIALIZED_AUTOS = YES_AGGRESSIVE;
				GCC_WARN_UNUSED_FUNCTION = YES;
				GCC_WARN_UNUSED_VARIABLE = YES;
				IPHONEOS_DEPLOYMENT_TARGET = 16.2;
				MTL_ENABLE_DEBUG_INFO = NO;
				MTL_FAST_MATH = YES;
				SDKROOT = iphoneos;
				SWIFT_COMPILATION_MODE = wholemodule;
				SWIFT_OPTIMIZATION_LEVEL = "-O";
				VALIDATE_PRODUCT = YES;
			};
			name = Release;
		};
		D6190F152992AF3D004CF062 /* Debug */ = {
			isa = XCBuildConfiguration;
			buildSettings = {
				ASSETCATALOG_COMPILER_APPICON_NAME = AppIcon;
				ASSETCATALOG_COMPILER_GLOBAL_ACCENT_COLOR_NAME = AccentColor;
				CODE_SIGN_STYLE = Automatic;
				CURRENT_PROJECT_VERSION = 1;
				DEVELOPMENT_ASSET_PATHS = "\"Recipe List App/Preview Content\"";
				ENABLE_PREVIEWS = YES;
				GENERATE_INFOPLIST_FILE = YES;
				INFOPLIST_KEY_UIApplicationSceneManifest_Generation = YES;
				INFOPLIST_KEY_UIApplicationSupportsIndirectInputEvents = YES;
				INFOPLIST_KEY_UILaunchScreen_Generation = YES;
				INFOPLIST_KEY_UISupportedInterfaceOrientations_iPad = "UIInterfaceOrientationPortrait UIInterfaceOrientationPortraitUpsideDown UIInterfaceOrientationLandscapeLeft UIInterfaceOrientationLandscapeRight";
				INFOPLIST_KEY_UISupportedInterfaceOrientations_iPhone = "UIInterfaceOrientationPortrait UIInterfaceOrientationLandscapeLeft UIInterfaceOrientationLandscapeRight";
				LD_RUNPATH_SEARCH_PATHS = (
					"$(inherited)",
					"@executable_path/Frameworks",
				);
				MARKETING_VERSION = 1.0;
				PRODUCT_BUNDLE_IDENTIFIER = "BackDoor-Interactive.Recipe-List-App";
				PRODUCT_NAME = "$(TARGET_NAME)";
				SWIFT_EMIT_LOC_STRINGS = YES;
				SWIFT_VERSION = 5.0;
				TARGETED_DEVICE_FAMILY = "1,2";
			};
			name = Debug;
		};
		D6190F162992AF3D004CF062 /* Release */ = {
			isa = XCBuildConfiguration;
			buildSettings = {
				ASSETCATALOG_COMPILER_APPICON_NAME = AppIcon;
				ASSETCATALOG_COMPILER_GLOBAL_ACCENT_COLOR_NAME = AccentColor;
				CODE_SIGN_STYLE = Automatic;
				CURRENT_PROJECT_VERSION = 1;
				DEVELOPMENT_ASSET_PATHS = "\"Recipe List App/Preview Content\"";
				ENABLE_PREVIEWS = YES;
				GENERATE_INFOPLIST_FILE = YES;
				INFOPLIST_KEY_UIApplicationSceneManifest_Generation = YES;
				INFOPLIST_KEY_UIApplicationSupportsIndirectInputEvents = YES;
				INFOPLIST_KEY_UILaunchScreen_Generation = YES;
				INFOPLIST_KEY_UISupportedInterfaceOrientations_iPad = "UIInterfaceOrientationPortrait UIInterfaceOrientationPortraitUpsideDown UIInterfaceOrientationLandscapeLeft UIInterfaceOrientationLandscapeRight";
				INFOPLIST_KEY_UISupportedInterfaceOrientations_iPhone = "UIInterfaceOrientationPortrait UIInterfaceOrientationLandscapeLeft UIInterfaceOrientationLandscapeRight";
				LD_RUNPATH_SEARCH_PATHS = (
					"$(inherited)",
					"@executable_path/Frameworks",
				);
				MARKETING_VERSION = 1.0;
				PRODUCT_BUNDLE_IDENTIFIER = "BackDoor-Interactive.Recipe-List-App";
				PRODUCT_NAME = "$(TARGET_NAME)";
				SWIFT_EMIT_LOC_STRINGS = YES;
				SWIFT_VERSION = 5.0;
				TARGETED_DEVICE_FAMILY = "1,2";
			};
			name = Release;
		};
/* End XCBuildConfiguration section */

/* Begin XCConfigurationList section */
		D6190F012992AF3C004CF062 /* Build configuration list for PBXProject "Recipe List App" */ = {
			isa = XCConfigurationList;
			buildConfigurations = (
				D6190F122992AF3D004CF062 /* Debug */,
				D6190F132992AF3D004CF062 /* Release */,
			);
			defaultConfigurationIsVisible = 0;
			defaultConfigurationName = Release;
		};
		D6190F142992AF3D004CF062 /* Build configuration list for PBXNativeTarget "Recipe List App" */ = {
			isa = XCConfigurationList;
			buildConfigurations = (
				D6190F152992AF3D004CF062 /* Debug */,
				D6190F162992AF3D004CF062 /* Release */,
			);
			defaultConfigurationIsVisible = 0;
			defaultConfigurationName = Release;
		};
/* End XCConfigurationList section */
	};
	rootObject = D6190EFE2992AF3C004CF062 /* Project object */;
}
